
Microsoft Visual Studio Solution File, Format Version 12.00
# Visual Studio Version 16
VisualStudioVersion = 16.0.31313.79
MinimumVisualStudioVersion = 10.0.40219.1
Project("{FAE04EC0-301F-11D3-BF4B-00C04F79EFBC}") = "LawnMowers.Tests", "LawnMowers.Tests\LawnMowers.Tests.csproj", "{ADA5FB31-67D6-43F0-ABC5-F30FBF44F82D}"
EndProject
Project("{FAE04EC0-301F-11D3-BF4B-00C04F79EFBC}") = "LawnMowers.Model", "LawnMowers.Model\LawnMowers.Model.csproj", "{B7E784E8-CDA2-4DBB-8B15-F8A1847B5B68}"
EndProject
Project("{9A19103F-16F7-4668-BE54-9A1E7A4F7556}") = "LawnMowers.Web", "LawnMowers.Web\LawnMowers.Web.csproj", "{32B8DC1D-733E-491D-97B5-5D7EC25377F1}"
EndProject
Project("{2150E333-8FDC-42A3-9474-1A3956D46DE8}") = "test", "test", "{38FF6037-6E2C-4209-84B7-625B47E8E7C2}"
EndProject
Project("{9A19103F-16F7-4668-BE54-9A1E7A4F7556}") = "LawnMowers.Web.Test", "LawnMowers.Web.Test\LawnMowers.Web.Test.csproj", "{372E5A98-459C-454E-B26A-FAA145C59D4A}"
EndProject
Global
	GlobalSection(SolutionConfigurationPlatforms) = preSolution
		Debug|Any CPU = Debug|Any CPU
		Release|Any CPU = Release|Any CPU
	EndGlobalSection
	GlobalSection(ProjectConfigurationPlatforms) = postSolution
		{ADA5FB31-67D6-43F0-ABC5-F30FBF44F82D}.Debug|Any CPU.ActiveCfg = Debug|Any CPU
		{ADA5FB31-67D6-43F0-ABC5-F30FBF44F82D}.Debug|Any CPU.Build.0 = Debug|Any CPU
		{ADA5FB31-67D6-43F0-ABC5-F30FBF44F82D}.Release|Any CPU.ActiveCfg = Release|Any CPU
		{ADA5FB31-67D6-43F0-ABC5-F30FBF44F82D}.Release|Any CPU.Build.0 = Release|Any CPU
		{B7E784E8-CDA2-4DBB-8B15-F8A1847B5B68}.Debug|Any CPU.ActiveCfg = Debug|Any CPU
		{B7E784E8-CDA2-4DBB-8B15-F8A1847B5B68}.Debug|Any CPU.Build.0 = Debug|Any CPU
		{B7E784E8-CDA2-4DBB-8B15-F8A1847B5B68}.Release|Any CPU.ActiveCfg = Release|Any CPU
		{B7E784E8-CDA2-4DBB-8B15-F8A1847B5B68}.Release|Any CPU.Build.0 = Release|Any CPU
		{32B8DC1D-733E-491D-97B5-5D7EC25377F1}.Debug|Any CPU.ActiveCfg = Debug|Any CPU
		{32B8DC1D-733E-491D-97B5-5D7EC25377F1}.Debug|Any CPU.Build.0 = Debug|Any CPU
		{32B8DC1D-733E-491D-97B5-5D7EC25377F1}.Release|Any CPU.ActiveCfg = Release|Any CPU
		{32B8DC1D-733E-491D-97B5-5D7EC25377F1}.Release|Any CPU.Build.0 = Release|Any CPU
		{372E5A98-459C-454E-B26A-FAA145C59D4A}.Debug|Any CPU.ActiveCfg = Debug|Any CPU
		{372E5A98-459C-454E-B26A-FAA145C59D4A}.Debug|Any CPU.Build.0 = Debug|Any CPU
		{372E5A98-459C-454E-B26A-FAA145C59D4A}.Release|Any CPU.ActiveCfg = Release|Any CPU
		{372E5A98-459C-454E-B26A-FAA145C59D4A}.Release|Any CPU.Build.0 = Release|Any CPU
	EndGlobalSection
	GlobalSection(SolutionProperties) = preSolution
		HideSolutionNode = FALSE
	EndGlobalSection
	GlobalSection(NestedProjects) = preSolution
		{ADA5FB31-67D6-43F0-ABC5-F30FBF44F82D} = {38FF6037-6E2C-4209-84B7-625B47E8E7C2}
		{372E5A98-459C-454E-B26A-FAA145C59D4A} = {38FF6037-6E2C-4209-84B7-625B47E8E7C2}
	EndGlobalSection
	GlobalSection(ExtensibilityGlobals) = postSolution
		SolutionGuid = {2D592C77-E68E-4984-B2AF-5C72ED7351FE}
	EndGlobalSection
EndGlobal
